
Microsoft Visual Studio Solution File, Format Version 12.00
# Visual Studio 14
VisualStudioVersion = 14.0.25420.1
MinimumVisualStudioVersion = 10.0.40219.1
Project("{FAE04EC0-301F-11D3-BF4B-00C04F79EFBC}") = "UpnoidV4", "UpnoidV4\UpnoidV4.csproj", "{246DF6D2-485B-46F8-AAD9-260D603FC572}"
EndProject
Global
	GlobalSection(SolutionConfigurationPlatforms) = preSolution
		Debug|Any CPU = Debug|Any CPU
		Release|Any CPU = Release|Any CPU
	EndGlobalSection
	GlobalSection(ProjectConfigurationPlatforms) = postSolution
		{246DF6D2-485B-46F8-AAD9-260D603FC572}.Debug|Any CPU.ActiveCfg = Debug|Any CPU
		{246DF6D2-485B-46F8-AAD9-260D603FC572}.Debug|Any CPU.Build.0 = Debug|Any CPU
		{246DF6D2-485B-46F8-AAD9-260D603FC572}.Release|Any CPU.ActiveCfg = Release|Any CPU
		{246DF6D2-485B-46F8-AAD9-260D603FC572}.Release|Any CPU.Build.0 = Release|Any CPU
	EndGlobalSection
	GlobalSection(SolutionProperties) = preSolution
		HideSolutionNode = FALSE
	EndGlobalSection
EndGlobal
